
Microsoft Visual Studio Solution File, Format Version 12.00
# Visual Studio Version 17
VisualStudioVersion = 17.8.34316.72
MinimumVisualStudioVersion = 10.0.40219.1
Project("{FAE04EC0-301F-11D3-BF4B-00C04F79EFBC}") = "SmallClock", "SmallClock.csproj", "{449480A7-FC1C-454D-914F-DAD8F9D681F0}"
EndProject
Global
	GlobalSection(SolutionConfigurationPlatforms) = preSolution
		Debug|Any CPU = Debug|Any CPU
		Release|Any CPU = Release|Any CPU
	EndGlobalSection
	GlobalSection(ProjectConfigurationPlatforms) = postSolution
		{449480A7-FC1C-454D-914F-DAD8F9D681F0}.Debug|Any CPU.ActiveCfg = Debug|Any CPU
		{449480A7-FC1C-454D-914F-DAD8F9D681F0}.Debug|Any CPU.Build.0 = Debug|Any CPU
		{449480A7-FC1C-454D-914F-DAD8F9D681F0}.Debug|Any CPU.Deploy.0 = Debug|Any CPU
		{449480A7-FC1C-454D-914F-DAD8F9D681F0}.Release|Any CPU.ActiveCfg = Release|Any CPU
		{449480A7-FC1C-454D-914F-DAD8F9D681F0}.Release|Any CPU.Build.0 = Release|Any CPU
		{449480A7-FC1C-454D-914F-DAD8F9D681F0}.Release|Any CPU.Deploy.0 = Release|Any CPU
	EndGlobalSection
	GlobalSection(SolutionProperties) = preSolution
		HideSolutionNode = FALSE
	EndGlobalSection
	GlobalSection(ExtensibilityGlobals) = postSolution
		SolutionGuid = {D57973BD-9D97-445D-A0C5-12D79A715416}
	EndGlobalSection
EndGlobal
